
Microsoft Visual Studio Solution File, Format Version 12.00
# Visual Studio 14
VisualStudioVersion = 14.0.25420.1
MinimumVisualStudioVersion = 10.0.40219.1
Project("{FAE04EC0-301F-11D3-BF4B-00C04F79EFBC}") = "Helper", "Helper\Helper.csproj", "{A6552006-5104-4DB2-A21F-3EEA4E213536}"
EndProject
Project("{FAE04EC0-301F-11D3-BF4B-00C04F79EFBC}") = "TwoSum", "TwoSum\TwoSum.csproj", "{424F39B7-D0B5-4AEA-96F5-779292F928FA}"
EndProject
Project("{FAE04EC0-301F-11D3-BF4B-00C04F79EFBC}") = "AddTwoNumbers", "AddTwoNumbers\AddTwoNumbers.csproj", "{F51BD418-DB7B-4852-8461-E0469DE38113}"
EndProject
Global
	GlobalSection(SolutionConfigurationPlatforms) = preSolution
		Debug|Any CPU = Debug|Any CPU
		Release|Any CPU = Release|Any CPU
	EndGlobalSection
	GlobalSection(ProjectConfigurationPlatforms) = postSolution
		{A6552006-5104-4DB2-A21F-3EEA4E213536}.Debug|Any CPU.ActiveCfg = Debug|Any CPU
		{A6552006-5104-4DB2-A21F-3EEA4E213536}.Debug|Any CPU.Build.0 = Debug|Any CPU
		{A6552006-5104-4DB2-A21F-3EEA4E213536}.Release|Any CPU.ActiveCfg = Release|Any CPU
		{A6552006-5104-4DB2-A21F-3EEA4E213536}.Release|Any CPU.Build.0 = Release|Any CPU
		{424F39B7-D0B5-4AEA-96F5-779292F928FA}.Debug|Any CPU.ActiveCfg = Debug|Any CPU
		{424F39B7-D0B5-4AEA-96F5-779292F928FA}.Debug|Any CPU.Build.0 = Debug|Any CPU
		{424F39B7-D0B5-4AEA-96F5-779292F928FA}.Release|Any CPU.ActiveCfg = Release|Any CPU
		{424F39B7-D0B5-4AEA-96F5-779292F928FA}.Release|Any CPU.Build.0 = Release|Any CPU
		{F51BD418-DB7B-4852-8461-E0469DE38113}.Debug|Any CPU.ActiveCfg = Debug|Any CPU
		{F51BD418-DB7B-4852-8461-E0469DE38113}.Debug|Any CPU.Build.0 = Debug|Any CPU
		{F51BD418-DB7B-4852-8461-E0469DE38113}.Release|Any CPU.ActiveCfg = Release|Any CPU
		{F51BD418-DB7B-4852-8461-E0469DE38113}.Release|Any CPU.Build.0 = Release|Any CPU
	EndGlobalSection
	GlobalSection(SolutionProperties) = preSolution
		HideSolutionNode = FALSE
	EndGlobalSection
EndGlobal
